
Microsoft Visual Studio Solution File, Format Version 12.00
# Visual Studio 15
VisualStudioVersion = 15.0.27428.2037
MinimumVisualStudioVersion = 10.0.40219.1
Project("{FAE04EC0-301F-11D3-BF4B-00C04F79EFBC}") = "Crypto.Genius.Web", "crypto-genius-web\Crypto.Genius.Web.csproj", "{0635B729-B8AA-4746-9D78-CD517D4503D7}"
EndProject
Global
	GlobalSection(SolutionConfigurationPlatforms) = preSolution
		Debug|Any CPU = Debug|Any CPU
		Release|Any CPU = Release|Any CPU
	EndGlobalSection
	GlobalSection(ProjectConfigurationPlatforms) = postSolution
		{0635B729-B8AA-4746-9D78-CD517D4503D7}.Debug|Any CPU.ActiveCfg = Debug|Any CPU
		{0635B729-B8AA-4746-9D78-CD517D4503D7}.Debug|Any CPU.Build.0 = Debug|Any CPU
		{0635B729-B8AA-4746-9D78-CD517D4503D7}.Release|Any CPU.ActiveCfg = Release|Any CPU
		{0635B729-B8AA-4746-9D78-CD517D4503D7}.Release|Any CPU.Build.0 = Release|Any CPU
	EndGlobalSection
	GlobalSection(SolutionProperties) = preSolution
		HideSolutionNode = FALSE
	EndGlobalSection
	GlobalSection(ExtensibilityGlobals) = postSolution
		SolutionGuid = {8B4686C3-B8E2-4FCF-B880-A1DAE0175106}
	EndGlobalSection
EndGlobal
